{
  "name": "razjsexample",
  "version": "1.0.0",
  "lockfileVersion": 1,
  "requires": true,
  "dependencies": {
    "razjs": {
      "version": "0.0.1",
      "resolved": "https://registry.npmjs.org/razjs/-/razjs-0.0.1.tgz",
      "integrity": "sha512-WO5/QXzrCSGd7gu9LVDrkG/2Ll8LfkKXnW47XSj0Ep+gSPwjHgAOnefv2d5iMWzUwxJcFzwqWtx0eRv+aNo2Zw=="
    }
  }
}
